
Microsoft Visual Studio Solution File, Format Version 12.00
# Visual Studio Version 17
VisualStudioVersion = 17.4.33110.190
MinimumVisualStudioVersion = 10.0.40219.1
Project("{FAE04EC0-301F-11D3-BF4B-00C04F79EFBC}") = "repotest", "repotest\repotest.csproj", "{AFB7678B-BA82-4744-AD13-087FA78DDAD8}"
EndProject
Global
	GlobalSection(SolutionConfigurationPlatforms) = preSolution
		Debug|Any CPU = Debug|Any CPU
		Release|Any CPU = Release|Any CPU
	EndGlobalSection
	GlobalSection(ProjectConfigurationPlatforms) = postSolution
		{AFB7678B-BA82-4744-AD13-087FA78DDAD8}.Debug|Any CPU.ActiveCfg = Debug|Any CPU
		{AFB7678B-BA82-4744-AD13-087FA78DDAD8}.Debug|Any CPU.Build.0 = Debug|Any CPU
		{AFB7678B-BA82-4744-AD13-087FA78DDAD8}.Release|Any CPU.ActiveCfg = Release|Any CPU
		{AFB7678B-BA82-4744-AD13-087FA78DDAD8}.Release|Any CPU.Build.0 = Release|Any CPU
	EndGlobalSection
	GlobalSection(SolutionProperties) = preSolution
		HideSolutionNode = FALSE
	EndGlobalSection
	GlobalSection(ExtensibilityGlobals) = postSolution
		SolutionGuid = {62879FF7-CE7E-4DAF-8D97-9200070D1E59}
	EndGlobalSection
EndGlobal
