
Microsoft Visual Studio Solution File, Format Version 12.00
# Visual Studio Version 17
VisualStudioVersion = 17.4.33110.190
MinimumVisualStudioVersion = 10.0.40219.1
Project("{FAE04EC0-301F-11D3-BF4B-00C04F79EFBC}") = "testrepo", "testrepo\testrepo.csproj", "{D40F3250-577B-4FA5-ABBF-59AB23A90627}"
EndProject
Global
	GlobalSection(SolutionConfigurationPlatforms) = preSolution
		Debug|Any CPU = Debug|Any CPU
		Release|Any CPU = Release|Any CPU
	EndGlobalSection
	GlobalSection(ProjectConfigurationPlatforms) = postSolution
		{D40F3250-577B-4FA5-ABBF-59AB23A90627}.Debug|Any CPU.ActiveCfg = Debug|Any CPU
		{D40F3250-577B-4FA5-ABBF-59AB23A90627}.Debug|Any CPU.Build.0 = Debug|Any CPU
		{D40F3250-577B-4FA5-ABBF-59AB23A90627}.Release|Any CPU.ActiveCfg = Release|Any CPU
		{D40F3250-577B-4FA5-ABBF-59AB23A90627}.Release|Any CPU.Build.0 = Release|Any CPU
	EndGlobalSection
	GlobalSection(SolutionProperties) = preSolution
		HideSolutionNode = FALSE
	EndGlobalSection
	GlobalSection(ExtensibilityGlobals) = postSolution
		SolutionGuid = {06069D62-E12C-4F13-A9C2-D8C4FA8B2938}
	EndGlobalSection
EndGlobal
